// !$*UTF8*$!
{
	archiveVersion = 1;
	classes = {
	};
	objectVersion = 50;
	objects = {

/* Begin PBXBuildFile section */
		3371000C2193276100D511DD /* first-names.json in Resources */ = {isa = PBXBuildFile; fileRef = 3371000B2193276100D511DD /* first-names.json */; };
		3371000F219327EC00D511DD /* FileManager.swift in Sources */ = {isa = PBXBuildFile; fileRef = 3371000E219327EC00D511DD /* FileManager.swift */; };
		3371001121932DE300D511DD /* RandomNameGenerator.swift in Sources */ = {isa = PBXBuildFile; fileRef = 3371001021932DE300D511DD /* RandomNameGenerator.swift */; };
		33DD5DB1218F2B72003CBEA7 /* AppDelegate.swift in Sources */ = {isa = PBXBuildFile; fileRef = 33DD5DB0218F2B72003CBEA7 /* AppDelegate.swift */; };
		33DD5DB3218F2B72003CBEA7 /* ViewController.swift in Sources */ = {isa = PBXBuildFile; fileRef = 33DD5DB2218F2B72003CBEA7 /* ViewController.swift */; };
		33DD5DB6218F2B72003CBEA7 /* Main.storyboard in Resources */ = {isa = PBXBuildFile; fileRef = 33DD5DB4218F2B72003CBEA7 /* Main.storyboard */; };
		33DD5DB8218F2B73003CBEA7 /* Assets.xcassets in Resources */ = {isa = PBXBuildFile; fileRef = 33DD5DB7218F2B73003CBEA7 /* Assets.xcassets */; };
		33DD5DBB218F2B73003CBEA7 /* LaunchScreen.storyboard in Resources */ = {isa = PBXBuildFile; fileRef = 33DD5DB9218F2B73003CBEA7 /* LaunchScreen.storyboard */; };
		33DD5DCC218F3452003CBEA7 /* MainMenuViewController.swift in Sources */ = {isa = PBXBuildFile; fileRef = 33DD5DCB218F3452003CBEA7 /* MainMenuViewController.swift */; };
		33DD5DCF2190B507003CBEA7 /* MainMenu.xcassets in Resources */ = {isa = PBXBuildFile; fileRef = 33DD5DCE2190B507003CBEA7 /* MainMenu.xcassets */; };
		33DD5DD12190C524003CBEA7 /* AboutPageViewController.swift in Sources */ = {isa = PBXBuildFile; fileRef = 33DD5DD02190C524003CBEA7 /* AboutPageViewController.swift */; };
		33F5DD352191D8C9009A84A8 /* PlayerInfoCell.swift in Sources */ = {isa = PBXBuildFile; fileRef = 33F5DD342191D8C9009A84A8 /* PlayerInfoCell.swift */; };
		33F5DD372191D8E5009A84A8 /* PlayerInfoTableViewController.swift in Sources */ = {isa = PBXBuildFile; fileRef = 33F5DD362191D8E5009A84A8 /* PlayerInfoTableViewController.swift */; };
		33F5DD3A2191D955009A84A8 /* MainMenu.storyboard in Resources */ = {isa = PBXBuildFile; fileRef = 33F5DD392191D955009A84A8 /* MainMenu.storyboard */; };
		33F5DD3C2191DA24009A84A8 /* PlayerInfo.swift in Sources */ = {isa = PBXBuildFile; fileRef = 33F5DD3B2191DA24009A84A8 /* PlayerInfo.swift */; };
/* End PBXBuildFile section */

/* Begin PBXFileReference section */
		3371000B2193276100D511DD /* first-names.json */ = {isa = PBXFileReference; fileEncoding = 4; lastKnownFileType = text.json; path = "first-names.json"; sourceTree = "<group>"; };
		3371000E219327EC00D511DD /* FileManager.swift */ = {isa = PBXFileReference; lastKnownFileType = sourcecode.swift; path = FileManager.swift; sourceTree = "<group>"; };
		3371001021932DE300D511DD /* RandomNameGenerator.swift */ = {isa = PBXFileReference; lastKnownFileType = sourcecode.swift; path = RandomNameGenerator.swift; sourceTree = "<group>"; };
		33DD5DAD218F2B72003CBEA7 /* Tapper.app */ = {isa = PBXFileReference; explicitFileType = wrapper.application; includeInIndex = 0; path = Tapper.app; sourceTree = BUILT_PRODUCTS_DIR; };
		33DD5DB0218F2B72003CBEA7 /* AppDelegate.swift */ = {isa = PBXFileReference; lastKnownFileType = sourcecode.swift; path = AppDelegate.swift; sourceTree = "<group>"; };
		33DD5DB2218F2B72003CBEA7 /* ViewController.swift */ = {isa = PBXFileReference; lastKnownFileType = sourcecode.swift; path = ViewController.swift; sourceTree = "<group>"; };
		33DD5DB5218F2B72003CBEA7 /* Base */ = {isa = PBXFileReference; lastKnownFileType = file.storyboard; name = Base; path = Base.lproj/Main.storyboard; sourceTree = "<group>"; };
		33DD5DB7218F2B73003CBEA7 /* Assets.xcassets */ = {isa = PBXFileReference; lastKnownFileType = folder.assetcatalog; path = Assets.xcassets; sourceTree = "<group>"; };
		33DD5DBA218F2B73003CBEA7 /* Base */ = {isa = PBXFileReference; lastKnownFileType = file.storyboard; name = Base; path = Base.lproj/LaunchScreen.storyboard; sourceTree = "<group>"; };
		33DD5DBC218F2B73003CBEA7 /* Info.plist */ = {isa = PBXFileReference; lastKnownFileType = text.plist.xml; path = Info.plist; sourceTree = "<group>"; };
		33DD5DCB218F3452003CBEA7 /* MainMenuViewController.swift */ = {isa = PBXFileReference; lastKnownFileType = sourcecode.swift; path = MainMenuViewController.swift; sourceTree = "<group>"; };
		33DD5DCE2190B507003CBEA7 /* MainMenu.xcassets */ = {isa = PBXFileReference; lastKnownFileType = folder.assetcatalog; path = MainMenu.xcassets; sourceTree = "<group>"; };
		33DD5DD02190C524003CBEA7 /* AboutPageViewController.swift */ = {isa = PBXFileReference; lastKnownFileType = sourcecode.swift; path = AboutPageViewController.swift; sourceTree = "<group>"; };
		33F5DD342191D8C9009A84A8 /* PlayerInfoCell.swift */ = {isa = PBXFileReference; lastKnownFileType = sourcecode.swift; path = PlayerInfoCell.swift; sourceTree = "<group>"; };
		33F5DD362191D8E5009A84A8 /* PlayerInfoTableViewController.swift */ = {isa = PBXFileReference; lastKnownFileType = sourcecode.swift; path = PlayerInfoTableViewController.swift; sourceTree = "<group>"; };
		33F5DD392191D955009A84A8 /* MainMenu.storyboard */ = {isa = PBXFileReference; fileEncoding = 4; lastKnownFileType = file.storyboard; path = MainMenu.storyboard; sourceTree = "<group>"; };
		33F5DD3B2191DA24009A84A8 /* PlayerInfo.swift */ = {isa = PBXFileReference; lastKnownFileType = sourcecode.swift; path = PlayerInfo.swift; sourceTree = "<group>"; };
/* End PBXFileReference section */

/* Begin PBXFrameworksBuildPhase section */
		33DD5DAA218F2B72003CBEA7 /* Frameworks */ = {
			isa = PBXFrameworksBuildPhase;
			buildActionMask = 2147483647;
			files = (
			);
			runOnlyForDeploymentPostprocessing = 0;
		};
/* End PBXFrameworksBuildPhase section */

/* Begin PBXGroup section */
		3371000D219327DC00D511DD /* Extensions */ = {
			isa = PBXGroup;
			children = (
				3371000E219327EC00D511DD /* FileManager.swift */,
			);
			path = Extensions;
			sourceTree = "<group>";
		};
		33DD5DA4218F2B72003CBEA7 = {
			isa = PBXGroup;
			children = (
				33DD5DAF218F2B72003CBEA7 /* Tapper */,
				33DD5DAE218F2B72003CBEA7 /* Products */,
			);
			sourceTree = "<group>";
		};
		33DD5DAE218F2B72003CBEA7 /* Products */ = {
			isa = PBXGroup;
			children = (
				33DD5DAD218F2B72003CBEA7 /* Tapper.app */,
			);
			name = Products;
			sourceTree = "<group>";
		};
		33DD5DAF218F2B72003CBEA7 /* Tapper */ = {
			isa = PBXGroup;
			children = (
				33F5DD302191D846009A84A8 /* Leaderboard */,
				33DD5DC6218F3125003CBEA7 /* MainMenu */,
				33DD5DC2218F30A6003CBEA7 /* App */,
				33DD5DB7218F2B73003CBEA7 /* Assets.xcassets */,
				33DD5DBC218F2B73003CBEA7 /* Info.plist */,
			);
			path = Tapper;
			sourceTree = "<group>";
		};
		33DD5DC2218F30A6003CBEA7 /* App */ = {
			isa = PBXGroup;
			children = (
				3371000D219327DC00D511DD /* Extensions */,
				33DD5DC5218F30EB003CBEA7 /* Controller */,
				33DD5DC4218F30DD003CBEA7 /* View */,
				33DD5DC3218F30D3003CBEA7 /* Delegate */,
				3371001021932DE300D511DD /* RandomNameGenerator.swift */,
			);
			path = App;
			sourceTree = "<group>";
		};
		33DD5DC3218F30D3003CBEA7 /* Delegate */ = {
			isa = PBXGroup;
			children = (
				33DD5DB0218F2B72003CBEA7 /* AppDelegate.swift */,
			);
			path = Delegate;
			sourceTree = "<group>";
		};
		33DD5DC4218F30DD003CBEA7 /* View */ = {
			isa = PBXGroup;
			children = (
				33DD5DB4218F2B72003CBEA7 /* Main.storyboard */,
				33DD5DB9218F2B73003CBEA7 /* LaunchScreen.storyboard */,
			);
			path = View;
			sourceTree = "<group>";
		};
		33DD5DC5218F30EB003CBEA7 /* Controller */ = {
			isa = PBXGroup;
			children = (
				33DD5DB2218F2B72003CBEA7 /* ViewController.swift */,
			);
			path = Controller;
			sourceTree = "<group>";
		};
		33DD5DC6218F3125003CBEA7 /* MainMenu */ = {
			isa = PBXGroup;
			children = (
				33DD5DCD2190B4E9003CBEA7 /* Resources */,
				33DD5DC8218F3156003CBEA7 /* Controller */,
				33F5DD382191D938009A84A8 /* View */,
			);
			path = MainMenu;
			sourceTree = "<group>";
		};
		33DD5DC8218F3156003CBEA7 /* Controller */ = {
			isa = PBXGroup;
			children = (
				33DD5DCB218F3452003CBEA7 /* MainMenuViewController.swift */,
				33DD5DD02190C524003CBEA7 /* AboutPageViewController.swift */,
			);
			path = Controller;
			sourceTree = "<group>";
		};
		33DD5DCD2190B4E9003CBEA7 /* Resources */ = {
			isa = PBXGroup;
			children = (
				33DD5DCE2190B507003CBEA7 /* MainMenu.xcassets */,
			);
			path = Resources;
			sourceTree = "<group>";
		};
		33F5DD302191D846009A84A8 /* Leaderboard */ = {
			isa = PBXGroup;
			children = (
				33F5DD332191D873009A84A8 /* Model */,
				33F5DD322191D86A009A84A8 /* Controller */,
				33F5DD312191D85B009A84A8 /* Resources */,
			);
			path = Leaderboard;
			sourceTree = "<group>";
		};
		33F5DD312191D85B009A84A8 /* Resources */ = {
			isa = PBXGroup;
			children = (
				3371000B2193276100D511DD /* first-names.json */,
			);
			path = Resources;
			sourceTree = "<group>";
		};
		33F5DD322191D86A009A84A8 /* Controller */ = {
			isa = PBXGroup;
			children = (
				33F5DD362191D8E5009A84A8 /* PlayerInfoTableViewController.swift */,
			);
			path = Controller;
			sourceTree = "<group>";
		};
		33F5DD332191D873009A84A8 /* Model */ = {
			isa = PBXGroup;
			children = (
				33F5DD342191D8C9009A84A8 /* PlayerInfoCell.swift */,
				33F5DD3B2191DA24009A84A8 /* PlayerInfo.swift */,
			);
			path = Model;
			sourceTree = "<group>";
		};
		33F5DD382191D938009A84A8 /* View */ = {
			isa = PBXGroup;
			children = (
				33F5DD392191D955009A84A8 /* MainMenu.storyboard */,
			);
			path = View;
			sourceTree = "<group>";
		};
/* End PBXGroup section */

/* Begin PBXNativeTarget section */
		33DD5DAC218F2B72003CBEA7 /* Tapper */ = {
			isa = PBXNativeTarget;
			buildConfigurationList = 33DD5DBF218F2B73003CBEA7 /* Build configuration list for PBXNativeTarget "Tapper" */;
			buildPhases = (
				33DD5DA9218F2B72003CBEA7 /* Sources */,
				33DD5DAA218F2B72003CBEA7 /* Frameworks */,
				33DD5DAB218F2B72003CBEA7 /* Resources */,
			);
			buildRules = (
			);
			dependencies = (
			);
			name = Tapper;
			productName = Tapper;
			productReference = 33DD5DAD218F2B72003CBEA7 /* Tapper.app */;
			productType = "com.apple.product-type.application";
		};
/* End PBXNativeTarget section */

/* Begin PBXProject section */
		33DD5DA5218F2B72003CBEA7 /* Project object */ = {
			isa = PBXProject;
			attributes = {
				LastSwiftUpdateCheck = 1010;
				LastUpgradeCheck = 1010;
				ORGANIZATIONNAME = "Niall Mullally";
				TargetAttributes = {
					33DD5DAC218F2B72003CBEA7 = {
						CreatedOnToolsVersion = 10.1;
					};
				};
			};
			buildConfigurationList = 33DD5DA8218F2B72003CBEA7 /* Build configuration list for PBXProject "Tapper" */;
			compatibilityVersion = "Xcode 9.3";
			developmentRegion = en;
			hasScannedForEncodings = 0;
			knownRegions = (
				en,
				Base,
			);
			mainGroup = 33DD5DA4218F2B72003CBEA7;
			productRefGroup = 33DD5DAE218F2B72003CBEA7 /* Products */;
			projectDirPath = "";
			projectRoot = "";
			targets = (
				33DD5DAC218F2B72003CBEA7 /* Tapper */,
			);
		};
/* End PBXProject section */

/* Begin PBXResourcesBuildPhase section */
		33DD5DAB218F2B72003CBEA7 /* Resources */ = {
			isa = PBXResourcesBuildPhase;
			buildActionMask = 2147483647;
			files = (
				33DD5DBB218F2B73003CBEA7 /* LaunchScreen.storyboard in Resources */,
				3371000C2193276100D511DD /* first-names.json in Resources */,
				33F5DD3A2191D955009A84A8 /* MainMenu.storyboard in Resources */,
				33DD5DCF2190B507003CBEA7 /* MainMenu.xcassets in Resources */,
				33DD5DB8218F2B73003CBEA7 /* Assets.xcassets in Resources */,
				33DD5DB6218F2B72003CBEA7 /* Main.storyboard in Resources */,
			);
			runOnlyForDeploymentPostprocessing = 0;
		};
/* End PBXResourcesBuildPhase section */

/* Begin PBXSourcesBuildPhase section */
		33DD5DA9218F2B72003CBEA7 /* Sources */ = {
			isa = PBXSourcesBuildPhase;
			buildActionMask = 2147483647;
			files = (
				33F5DD352191D8C9009A84A8 /* PlayerInfoCell.swift in Sources */,
				33DD5DCC218F3452003CBEA7 /* MainMenuViewController.swift in Sources */,
				3371001121932DE300D511DD /* RandomNameGenerator.swift in Sources */,
				33F5DD372191D8E5009A84A8 /* PlayerInfoTableViewController.swift in Sources */,
				33DD5DB3218F2B72003CBEA7 /* ViewController.swift in Sources */,
				33DD5DB1218F2B72003CBEA7 /* AppDelegate.swift in Sources */,
				3371000F219327EC00D511DD /* FileManager.swift in Sources */,
				33DD5DD12190C524003CBEA7 /* AboutPageViewController.swift in Sources */,
				33F5DD3C2191DA24009A84A8 /* PlayerInfo.swift in Sources */,
			);
			runOnlyForDeploymentPostprocessing = 0;
		};
/* End PBXSourcesBuildPhase section */

/* Begin PBXVariantGroup section */
		33DD5DB4218F2B72003CBEA7 /* Main.storyboard */ = {
			isa = PBXVariantGroup;
			children = (
				33DD5DB5218F2B72003CBEA7 /* Base */,
			);
			name = Main.storyboard;
			sourceTree = "<group>";
		};
		33DD5DB9218F2B73003CBEA7 /* LaunchScreen.storyboard */ = {
			isa = PBXVariantGroup;
			children = (
				33DD5DBA218F2B73003CBEA7 /* Base */,
			);
			name = LaunchScreen.storyboard;
			sourceTree = "<group>";
		};
/* End PBXVariantGroup section */

/* Begin XCBuildConfiguration section */
		33DD5DBD218F2B73003CBEA7 /* Debug */ = {
			isa = XCBuildConfiguration;
			buildSettings = {
				ALWAYS_SEARCH_USER_PATHS = NO;
				CLANG_ANALYZER_NONNULL = YES;
				CLANG_ANALYZER_NUMBER_OBJECT_CONVERSION = YES_AGGRESSIVE;
				CLANG_CXX_LANGUAGE_STANDARD = "gnu++14";
				CLANG_CXX_LIBRARY = "libc++";
				CLANG_ENABLE_MODULES = YES;
				CLANG_ENABLE_OBJC_ARC = YES;
				CLANG_ENABLE_OBJC_WEAK = YES;
				CLANG_WARN_BLOCK_CAPTURE_AUTORELEASING = YES;
				CLANG_WARN_BOOL_CONVERSION = YES;
				CLANG_WARN_COMMA = YES;
				CLANG_WARN_CONSTANT_CONVERSION = YES;
				CLANG_WARN_DEPRECATED_OBJC_IMPLEMENTATIONS = YES;
				CLANG_WARN_DIRECT_OBJC_ISA_USAGE = YES_ERROR;
				CLANG_WARN_DOCUMENTATION_COMMENTS = YES;
				CLANG_WARN_EMPTY_BODY = YES;
				CLANG_WARN_ENUM_CONVERSION = YES;
				CLANG_WARN_INFINITE_RECURSION = YES;
				CLANG_WARN_INT_CONVERSION = YES;
				CLANG_WARN_NON_LITERAL_NULL_CONVERSION = YES;
				CLANG_WARN_OBJC_IMPLICIT_RETAIN_SELF = YES;
				CLANG_WARN_OBJC_LITERAL_CONVERSION = YES;
				CLANG_WARN_OBJC_ROOT_CLASS = YES_ERROR;
				CLANG_WARN_RANGE_LOOP_ANALYSIS = YES;
				CLANG_WARN_STRICT_PROTOTYPES = YES;
				CLANG_WARN_SUSPICIOUS_MOVE = YES;
				CLANG_WARN_UNGUARDED_AVAILABILITY = YES_AGGRESSIVE;
				CLANG_WARN_UNREACHABLE_CODE = YES;
				CLANG_WARN__DUPLICATE_METHOD_MATCH = YES;
				CODE_SIGN_IDENTITY = "iPhone Developer";
				COPY_PHASE_STRIP = NO;
				DEBUG_INFORMATION_FORMAT = dwarf;
				ENABLE_STRICT_OBJC_MSGSEND = YES;
				ENABLE_TESTABILITY = YES;
				GCC_C_LANGUAGE_STANDARD = gnu11;
				GCC_DYNAMIC_NO_PIC = NO;
				GCC_NO_COMMON_BLOCKS = YES;
				GCC_OPTIMIZATION_LEVEL = 0;
				GCC_PREPROCESSOR_DEFINITIONS = (
					"DEBUG=1",
					"$(inherited)",
				);
				GCC_WARN_64_TO_32_BIT_CONVERSION = YES;
				GCC_WARN_ABOUT_RETURN_TYPE = YES_ERROR;
				GCC_WARN_UNDECLARED_SELECTOR = YES;
				GCC_WARN_UNINITIALIZED_AUTOS = YES_AGGRESSIVE;
				GCC_WARN_UNUSED_FUNCTION = YES;
				GCC_WARN_UNUSED_VARIABLE = YES;
				IPHONEOS_DEPLOYMENT_TARGET = 12.1;
				MTL_ENABLE_DEBUG_INFO = INCLUDE_SOURCE;
				MTL_FAST_MATH = YES;
				ONLY_ACTIVE_ARCH = YES;
				SDKROOT = iphoneos;
				SWIFT_ACTIVE_COMPILATION_CONDITIONS = DEBUG;
				SWIFT_OPTIMIZATION_LEVEL = "-Onone";
			};
			name = Debug;
		};
		33DD5DBE218F2B73003CBEA7 /* Release */ = {
			isa = XCBuildConfiguration;
			buildSettings = {
				ALWAYS_SEARCH_USER_PATHS = NO;
				CLANG_ANALYZER_NONNULL = YES;
				CLANG_ANALYZER_NUMBER_OBJECT_CONVERSION = YES_AGGRESSIVE;
				CLANG_CXX_LANGUAGE_STANDARD = "gnu++14";
				CLANG_CXX_LIBRARY = "libc++";
				CLANG_ENABLE_MODULES = YES;
				CLANG_ENABLE_OBJC_ARC = YES;
				CLANG_ENABLE_OBJC_WEAK = YES;
				CLANG_WARN_BLOCK_CAPTURE_AUTORELEASING = YES;
				CLANG_WARN_BOOL_CONVERSION = YES;
				CLANG_WARN_COMMA = YES;
				CLANG_WARN_CONSTANT_CONVERSION = YES;
				CLANG_WARN_DEPRECATED_OBJC_IMPLEMENTATIONS = YES;
				CLANG_WARN_DIRECT_OBJC_ISA_USAGE = YES_ERROR;
				CLANG_WARN_DOCUMENTATION_COMMENTS = YES;
				CLANG_WARN_EMPTY_BODY = YES;
				CLANG_WARN_ENUM_CONVERSION = YES;
				CLANG_WARN_INFINITE_RECURSION = YES;
				CLANG_WARN_INT_CONVERSION = YES;
				CLANG_WARN_NON_LITERAL_NULL_CONVERSION = YES;
				CLANG_WARN_OBJC_IMPLICIT_RETAIN_SELF = YES;
				CLANG_WARN_OBJC_LITERAL_CONVERSION = YES;
				CLANG_WARN_OBJC_ROOT_CLASS = YES_ERROR;
				CLANG_WARN_RANGE_LOOP_ANALYSIS = YES;
				CLANG_WARN_STRICT_PROTOTYPES = YES;
				CLANG_WARN_SUSPICIOUS_MOVE = YES;
				CLANG_WARN_UNGUARDED_AVAILABILITY = YES_AGGRESSIVE;
				CLANG_WARN_UNREACHABLE_CODE = YES;
				CLANG_WARN__DUPLICATE_METHOD_MATCH = YES;
				CODE_SIGN_IDENTITY = "iPhone Developer";
				COPY_PHASE_STRIP = NO;
				DEBUG_INFORMATION_FORMAT = "dwarf-with-dsym";
				ENABLE_NS_ASSERTIONS = NO;
				ENABLE_STRICT_OBJC_MSGSEND = YES;
				GCC_C_LANGUAGE_STANDARD = gnu11;
				GCC_NO_COMMON_BLOCKS = YES;
				GCC_WARN_64_TO_32_BIT_CONVERSION = YES;
				GCC_WARN_ABOUT_RETURN_TYPE = YES_ERROR;
				GCC_WARN_UNDECLARED_SELECTOR = YES;
				GCC_WARN_UNINITIALIZED_AUTOS = YES_AGGRESSIVE;
				GCC_WARN_UNUSED_FUNCTION = YES;
				GCC_WARN_UNUSED_VARIABLE = YES;
				IPHONEOS_DEPLOYMENT_TARGET = 12.1;
				MTL_ENABLE_DEBUG_INFO = NO;
				MTL_FAST_MATH = YES;
				SDKROOT = iphoneos;
				SWIFT_COMPILATION_MODE = wholemodule;
				SWIFT_OPTIMIZATION_LEVEL = "-O";
				VALIDATE_PRODUCT = YES;
			};
			name = Release;
		};
		33DD5DC0218F2B73003CBEA7 /* Debug */ = {
			isa = XCBuildConfiguration;
			buildSettings = {
				ASSETCATALOG_COMPILER_APPICON_NAME = AppIcon;
				CODE_SIGN_STYLE = Automatic;
				DEVELOPMENT_TEAM = 2QQT83C7K7;
				INFOPLIST_FILE = Tapper/Info.plist;
				LD_RUNPATH_SEARCH_PATHS = (
					"$(inherited)",
					"@executable_path/Frameworks",
				);
				PRODUCT_BUNDLE_IDENTIFIER = nm.Tapper;
				PRODUCT_NAME = "$(TARGET_NAME)";
				SWIFT_VERSION = 4.2;
				TARGETED_DEVICE_FAMILY = "1,2";
			};
			name = Debug;
		};
		33DD5DC1218F2B73003CBEA7 /* Release */ = {
			isa = XCBuildConfiguration;
			buildSettings = {
				ASSETCATALOG_COMPILER_APPICON_NAME = AppIcon;
				CODE_SIGN_STYLE = Automatic;
				DEVELOPMENT_TEAM = 2QQT83C7K7;
				INFOPLIST_FILE = Tapper/Info.plist;
				LD_RUNPATH_SEARCH_PATHS = (
					"$(inherited)",
					"@executable_path/Frameworks",
				);
				PRODUCT_BUNDLE_IDENTIFIER = nm.Tapper;
				PRODUCT_NAME = "$(TARGET_NAME)";
				SWIFT_VERSION = 4.2;
				TARGETED_DEVICE_FAMILY = "1,2";
			};
			name = Release;
		};
/* End XCBuildConfiguration section */

/* Begin XCConfigurationList section */
		33DD5DA8218F2B72003CBEA7 /* Build configuration list for PBXProject "Tapper" */ = {
			isa = XCConfigurationList;
			buildConfigurations = (
				33DD5DBD218F2B73003CBEA7 /* Debug */,
				33DD5DBE218F2B73003CBEA7 /* Release */,
			);
			defaultConfigurationIsVisible = 0;
			defaultConfigurationName = Release;
		};
		33DD5DBF218F2B73003CBEA7 /* Build configuration list for PBXNativeTarget "Tapper" */ = {
			isa = XCConfigurationList;
			buildConfigurations = (
				33DD5DC0218F2B73003CBEA7 /* Debug */,
				33DD5DC1218F2B73003CBEA7 /* Release */,
			);
			defaultConfigurationIsVisible = 0;
			defaultConfigurationName = Release;
		};
/* End XCConfigurationList section */
	};
	rootObject = 33DD5DA5218F2B72003CBEA7 /* Project object */;
}
